{
  "requires": true,
  "lockfileVersion": 1,
  "dependencies": {
    "axios": {
      "version": "0.21.0",
      "resolved": "https://registry.npmjs.org/axios/-/axios-0.21.0.tgz",
      "integrity": "sha512-fmkJBknJKoZwem3/IKSSLpkdNXZeBu5Q7GA/aRsr2btgrptmSCxi2oFjZHqGdK9DoTil9PIHlPIZw2EcRJXRvw==",
      "requires": {
        "follow-redirects": "^1.10.0"
      }
    },
    "follow-redirects": {
      "version": "1.13.0",
      "resolved": "https://registry.npmjs.org/follow-redirects/-/follow-redirects-1.13.0.tgz",
      "integrity": "sha512-aq6gF1BEKje4a9i9+5jimNFIpq4Q1WiwBToeRK5NvZBd/TRsmW8BsJfOEGkr76TbOyPVD3OVDN910EcUNtRYEA=="
    },
    "particles.js": {
      "version": "2.0.0",
      "resolved": "https://registry.npmjs.org/particles.js/-/particles.js-2.0.0.tgz",
      "integrity": "sha1-IThsQyjWx/lngKIB6W7t/AnHNvY="
    },
    "particles.vue": {
      "version": "2.1.7",
      "resolved": "https://registry.npmjs.org/particles.vue/-/particles.vue-2.1.7.tgz",
      "integrity": "sha512-wKHe9Q/joC/7VHMJOf6lqVvixkS70HBgqDDS0+ki7y1DFtByN+waqSLfj8zX5Ew1yCOIDi6CXFQ7xXL5I01Q1Q==",
      "requires": {
        "tslib": "^2.0.3",
        "tsparticles": "^1.18.7",
        "vue": "<3",
        "vue-class-component": "<8",
        "vue-property-decorator": "^9.0.2"
      }
    },
    "pathseg": {
      "version": "1.2.0",
      "resolved": "https://registry.npmjs.org/pathseg/-/pathseg-1.2.0.tgz",
      "integrity": "sha512-+pQS7lTaoVIXhaCW7R3Wd/165APzZHWzYVqe7dxzdupxQwebgpBaCmf0/XZwmoA/rkDq3qvzO0qv4d5oFVrBRw==",
      "optional": true
    },
    "tslib": {
      "version": "2.0.3",
      "resolved": "https://registry.npmjs.org/tslib/-/tslib-2.0.3.tgz",
      "integrity": "sha512-uZtkfKblCEQtZKBF6EBXVZeQNl82yqtDQdv+eck8u7tdPxjLu2/lp5/uPW+um2tpuxINHWy3GhiccY7QgEaVHQ=="
    },
    "tsparticles": {
      "version": "1.18.7",
      "resolved": "https://registry.npmjs.org/tsparticles/-/tsparticles-1.18.7.tgz",
      "integrity": "sha512-tBGMwBqksPa8a3vr+WHQiJdOMTNtgXOb5HrT6KvTOjB3W+10zqS/mvJJifsWsl4WrpGUXdRxhQj0Ip9Vu6brow==",
      "requires": {
        "pathseg": "^1.2.0"
      }
    },
    "vue": {
      "version": "2.6.12",
      "resolved": "https://registry.npmjs.org/vue/-/vue-2.6.12.tgz",
      "integrity": "sha512-uhmLFETqPPNyuLLbsKz6ioJ4q7AZHzD8ZVFNATNyICSZouqP2Sz0rotWQC8UNBF6VGSCs5abnKJoStA6JbCbfg=="
    },
    "vue-class-component": {
      "version": "7.2.6",
      "resolved": "https://registry.npmjs.org/vue-class-component/-/vue-class-component-7.2.6.tgz",
      "integrity": "sha512-+eaQXVrAm/LldalI272PpDe3+i4mPis0ORiMYxF6Ae4hyuCh15W8Idet7wPUEs4N4YptgFHGys4UrgNQOMyO6w=="
    },
    "vue-property-decorator": {
      "version": "9.0.2",
      "resolved": "https://registry.npmjs.org/vue-property-decorator/-/vue-property-decorator-9.0.2.tgz",
      "integrity": "sha512-mxuJHfUGs/3rUyFj2vykDIvYXCUKBrzhemm7mT8dE9QYTbNA/4qVQ5gwhNCIkKyQc8RQIXQ+0jriqinUDuuU9w=="
    }
  }
}
